
Microsoft Visual Studio Solution File, Format Version 12.00
# Visual Studio Version 17
VisualStudioVersion = 17.8.34004.107
MinimumVisualStudioVersion = 10.0.40219.1
Project("{FAE04EC0-301F-11D3-BF4B-00C04F79EFBC}") = "AOAISSEProxy", "AOAISSEProxy.csproj", "{60E6962D-378D-441C-B4F3-C199174D8B1A}"
EndProject
Global
	GlobalSection(SolutionConfigurationPlatforms) = preSolution
		Debug|Any CPU = Debug|Any CPU
		Release|Any CPU = Release|Any CPU
	EndGlobalSection
	GlobalSection(ProjectConfigurationPlatforms) = postSolution
		{60E6962D-378D-441C-B4F3-C199174D8B1A}.Debug|Any CPU.ActiveCfg = Debug|Any CPU
		{60E6962D-378D-441C-B4F3-C199174D8B1A}.Debug|Any CPU.Build.0 = Debug|Any CPU
		{60E6962D-378D-441C-B4F3-C199174D8B1A}.Release|Any CPU.ActiveCfg = Release|Any CPU
		{60E6962D-378D-441C-B4F3-C199174D8B1A}.Release|Any CPU.Build.0 = Release|Any CPU
	EndGlobalSection
	GlobalSection(SolutionProperties) = preSolution
		HideSolutionNode = FALSE
	EndGlobalSection
	GlobalSection(ExtensibilityGlobals) = postSolution
		SolutionGuid = {82FA097C-E8C9-49B4-A513-E5AAFB213C2A}
	EndGlobalSection
EndGlobal
